# THIS IS AN AUTOGENERATED FILE. DO NOT EDIT THIS FILE DIRECTLY.
# yarn lockfile v1


js-struct-compare@^1.0.0:
  version "1.0.0"
  resolved "https://registry.yarnpkg.com/js-struct-compare/-/js-struct-compare-1.0.0.tgz#2126b922a0f4fd51d72ef37d86efcf2f1154aa24"
  integrity sha512-UqZyqC84fgU6N1GPgWgZFN5wYz0G0mGiVo+DoQ07y/5ab+Zak+WVEMvb4VXNhS3rvw0BBxzoluUZLn8Hyf0ROA==
